
Microsoft Visual Studio Solution File, Format Version 12.00
# Visual Studio Version 17
VisualStudioVersion = 17.0.31903.59
MinimumVisualStudioVersion = 10.0.40219.1
Project("{FAE04EC0-301F-11D3-BF4B-00C04F79EFBC}") = "MyBoards", "MyBoards\MyBoards.csproj", "{A80BFC40-165B-4435-8D14-FFC385AB390A}"
EndProject
Global
	GlobalSection(SolutionConfigurationPlatforms) = preSolution
		Debug|Any CPU = Debug|Any CPU
		Release|Any CPU = Release|Any CPU
	EndGlobalSection
	GlobalSection(SolutionProperties) = preSolution
		HideSolutionNode = FALSE
	EndGlobalSection
	GlobalSection(ProjectConfigurationPlatforms) = postSolution
		{A80BFC40-165B-4435-8D14-FFC385AB390A}.Debug|Any CPU.ActiveCfg = Debug|Any CPU
		{A80BFC40-165B-4435-8D14-FFC385AB390A}.Debug|Any CPU.Build.0 = Debug|Any CPU
		{A80BFC40-165B-4435-8D14-FFC385AB390A}.Release|Any CPU.ActiveCfg = Release|Any CPU
		{A80BFC40-165B-4435-8D14-FFC385AB390A}.Release|Any CPU.Build.0 = Release|Any CPU
	EndGlobalSection
EndGlobal
